
Microsoft Visual Studio Solution File, Format Version 11.00
# Visual Studio 2010
Project("{8BC9CEB8-8B4A-11D0-8D11-00A0C91BC942}") = "Connect Four", "Connect Four\Connect Four.vcxproj", "{E3D0A90B-ABEE-44A0-9F63-56A03F5416B4}"
EndProject
Global
	GlobalSection(SolutionConfigurationPlatforms) = preSolution
		Debug|Win32 = Debug|Win32
		Release|Win32 = Release|Win32
	EndGlobalSection
	GlobalSection(ProjectConfigurationPlatforms) = postSolution
		{E3D0A90B-ABEE-44A0-9F63-56A03F5416B4}.Debug|Win32.ActiveCfg = Debug|Win32
		{E3D0A90B-ABEE-44A0-9F63-56A03F5416B4}.Debug|Win32.Build.0 = Debug|Win32
		{E3D0A90B-ABEE-44A0-9F63-56A03F5416B4}.Release|Win32.ActiveCfg = Release|Win32
		{E3D0A90B-ABEE-44A0-9F63-56A03F5416B4}.Release|Win32.Build.0 = Release|Win32
	EndGlobalSection
	GlobalSection(SolutionProperties) = preSolution
		HideSolutionNode = FALSE
	EndGlobalSection
EndGlobal
